
Microsoft Visual Studio Solution File, Format Version 12.00
# Visual Studio Version 17
VisualStudioVersion = 17.8.34511.84
MinimumVisualStudioVersion = 10.0.40219.1
Project("{FAE04EC0-301F-11D3-BF4B-00C04F79EFBC}") = "Restaurant&Coffee_Shop", "Restaurant&Coffee_Shop\Restaurant&Coffee_Shop.csproj", "{55BF9E22-069B-4476-AE32-366A79FB624B}"
EndProject
Global
	GlobalSection(SolutionConfigurationPlatforms) = preSolution
		Debug|Any CPU = Debug|Any CPU
		Release|Any CPU = Release|Any CPU
	EndGlobalSection
	GlobalSection(ProjectConfigurationPlatforms) = postSolution
		{55BF9E22-069B-4476-AE32-366A79FB624B}.Debug|Any CPU.ActiveCfg = Debug|Any CPU
		{55BF9E22-069B-4476-AE32-366A79FB624B}.Debug|Any CPU.Build.0 = Debug|Any CPU
		{55BF9E22-069B-4476-AE32-366A79FB624B}.Release|Any CPU.ActiveCfg = Release|Any CPU
		{55BF9E22-069B-4476-AE32-366A79FB624B}.Release|Any CPU.Build.0 = Release|Any CPU
	EndGlobalSection
	GlobalSection(SolutionProperties) = preSolution
		HideSolutionNode = FALSE
	EndGlobalSection
	GlobalSection(ExtensibilityGlobals) = postSolution
		SolutionGuid = {70C03535-C1FC-42C6-8376-97B3E4BB306E}
	EndGlobalSection
EndGlobal
